
Microsoft Visual Studio Solution File, Format Version 12.00
# Visual Studio Version 17
VisualStudioVersion = 17.0.32014.148
MinimumVisualStudioVersion = 10.0.40219.1
Project("{FAE04EC0-301F-11D3-BF4B-00C04F79EFBC}") = "TestPractice", "TestPractice\TestPractice.csproj", "{0CB48DB8-BEDF-4384-92AB-41F4E00FB68B}"
EndProject
Project("{FAE04EC0-301F-11D3-BF4B-00C04F79EFBC}") = "TestPractice.Tests", "TestPractice.Tests\TestPractice.Tests.csproj", "{C2DC9691-DE31-49AB-B891-9E13E9070FE0}"
EndProject
Global
	GlobalSection(SolutionConfigurationPlatforms) = preSolution
		Debug|Any CPU = Debug|Any CPU
		Release|Any CPU = Release|Any CPU
	EndGlobalSection
	GlobalSection(ProjectConfigurationPlatforms) = postSolution
		{0CB48DB8-BEDF-4384-92AB-41F4E00FB68B}.Debug|Any CPU.ActiveCfg = Debug|Any CPU
		{0CB48DB8-BEDF-4384-92AB-41F4E00FB68B}.Debug|Any CPU.Build.0 = Debug|Any CPU
		{0CB48DB8-BEDF-4384-92AB-41F4E00FB68B}.Release|Any CPU.ActiveCfg = Release|Any CPU
		{0CB48DB8-BEDF-4384-92AB-41F4E00FB68B}.Release|Any CPU.Build.0 = Release|Any CPU
		{C2DC9691-DE31-49AB-B891-9E13E9070FE0}.Debug|Any CPU.ActiveCfg = Debug|Any CPU
		{C2DC9691-DE31-49AB-B891-9E13E9070FE0}.Debug|Any CPU.Build.0 = Debug|Any CPU
		{C2DC9691-DE31-49AB-B891-9E13E9070FE0}.Release|Any CPU.ActiveCfg = Release|Any CPU
		{C2DC9691-DE31-49AB-B891-9E13E9070FE0}.Release|Any CPU.Build.0 = Release|Any CPU
	EndGlobalSection
	GlobalSection(SolutionProperties) = preSolution
		HideSolutionNode = FALSE
	EndGlobalSection
	GlobalSection(ExtensibilityGlobals) = postSolution
		SolutionGuid = {4661CB31-1554-4D37-83FC-386723CC9C1E}
	EndGlobalSection
EndGlobal
